
Microsoft Visual Studio Solution File, Format Version 12.00
# Visual Studio 15
VisualStudioVersion = 15.0.26730.12
MinimumVisualStudioVersion = 10.0.40219.1
Project("{FAE04EC0-301F-11D3-BF4B-00C04F79EFBC}") = "DeepThoughtsLib", "DeepThoughtsLib\DeepThoughtsLib.csproj", "{A6A03A2C-F498-4029-B0EF-8EB2A3B8B77D}"
EndProject
Project("{FAE04EC0-301F-11D3-BF4B-00C04F79EFBC}") = "DeepThoughtsWebApi", "DeepThoughtsWebApi\DeepThoughtsWebApi.csproj", "{00E85214-D739-4BD4-83B7-72CBA569B0BB}"
EndProject
Global
	GlobalSection(SolutionConfigurationPlatforms) = preSolution
		Debug|Any CPU = Debug|Any CPU
		Release|Any CPU = Release|Any CPU
	EndGlobalSection
	GlobalSection(ProjectConfigurationPlatforms) = postSolution
		{A6A03A2C-F498-4029-B0EF-8EB2A3B8B77D}.Debug|Any CPU.ActiveCfg = Debug|Any CPU
		{A6A03A2C-F498-4029-B0EF-8EB2A3B8B77D}.Debug|Any CPU.Build.0 = Debug|Any CPU
		{A6A03A2C-F498-4029-B0EF-8EB2A3B8B77D}.Release|Any CPU.ActiveCfg = Release|Any CPU
		{A6A03A2C-F498-4029-B0EF-8EB2A3B8B77D}.Release|Any CPU.Build.0 = Release|Any CPU
		{00E85214-D739-4BD4-83B7-72CBA569B0BB}.Debug|Any CPU.ActiveCfg = Debug|Any CPU
		{00E85214-D739-4BD4-83B7-72CBA569B0BB}.Debug|Any CPU.Build.0 = Debug|Any CPU
		{00E85214-D739-4BD4-83B7-72CBA569B0BB}.Release|Any CPU.ActiveCfg = Release|Any CPU
		{00E85214-D739-4BD4-83B7-72CBA569B0BB}.Release|Any CPU.Build.0 = Release|Any CPU
	EndGlobalSection
	GlobalSection(SolutionProperties) = preSolution
		HideSolutionNode = FALSE
	EndGlobalSection
	GlobalSection(ExtensibilityGlobals) = postSolution
		SolutionGuid = {820C8C1C-3B4C-46D3-9E6A-15B580C39516}
	EndGlobalSection
EndGlobal
